
Microsoft Visual Studio Solution File, Format Version 12.00
# Visual Studio Version 16
VisualStudioVersion = 16.0.32630.194
MinimumVisualStudioVersion = 10.0.40219.1
Project("{8BC9CEB8-8B4A-11D0-8D11-00A0C91BC942}") = "2dsnake", "2dsnake.vcxproj", "{7E43E293-FEC2-45C0-AF80-0FC2A1D02FD5}"
EndProject
Global
	GlobalSection(SolutionConfigurationPlatforms) = preSolution
		Debug|x64 = Debug|x64
		Debug|x86 = Debug|x86
		Release|x64 = Release|x64
		Release|x86 = Release|x86
		WHY|x64 = WHY|x64
		WHY|x86 = WHY|x86
	EndGlobalSection
	GlobalSection(ProjectConfigurationPlatforms) = postSolution
		{7E43E293-FEC2-45C0-AF80-0FC2A1D02FD5}.Debug|x64.ActiveCfg = Debug|x64
		{7E43E293-FEC2-45C0-AF80-0FC2A1D02FD5}.Debug|x64.Build.0 = Debug|x64
		{7E43E293-FEC2-45C0-AF80-0FC2A1D02FD5}.Debug|x86.ActiveCfg = Debug|Win32
		{7E43E293-FEC2-45C0-AF80-0FC2A1D02FD5}.Debug|x86.Build.0 = Debug|Win32
		{7E43E293-FEC2-45C0-AF80-0FC2A1D02FD5}.Release|x64.ActiveCfg = Release|x64
		{7E43E293-FEC2-45C0-AF80-0FC2A1D02FD5}.Release|x64.Build.0 = Release|x64
		{7E43E293-FEC2-45C0-AF80-0FC2A1D02FD5}.Release|x86.ActiveCfg = Release|Win32
		{7E43E293-FEC2-45C0-AF80-0FC2A1D02FD5}.Release|x86.Build.0 = Release|Win32
		{7E43E293-FEC2-45C0-AF80-0FC2A1D02FD5}.WHY|x64.ActiveCfg = WHY|x64
		{7E43E293-FEC2-45C0-AF80-0FC2A1D02FD5}.WHY|x64.Build.0 = WHY|x64
		{7E43E293-FEC2-45C0-AF80-0FC2A1D02FD5}.WHY|x86.ActiveCfg = WHY|Win32
		{7E43E293-FEC2-45C0-AF80-0FC2A1D02FD5}.WHY|x86.Build.0 = WHY|Win32
	EndGlobalSection
	GlobalSection(SolutionProperties) = preSolution
		HideSolutionNode = FALSE
	EndGlobalSection
	GlobalSection(ExtensibilityGlobals) = postSolution
		SolutionGuid = {20D5B252-8FAF-48F3-8CE8-93B84CEAD2CB}
	EndGlobalSection
EndGlobal
